
Microsoft Visual Studio Solution File, Format Version 12.00
# Visual Studio 15
VisualStudioVersion = 15.0.28307.960
MinimumVisualStudioVersion = 10.0.40219.1
Project("{FAE04EC0-301F-11D3-BF4B-00C04F79EFBC}") = "Infix86", "InfiX86\Infix86.csproj", "{3A8D908C-1E37-494D-AA77-1CA8CE5C4730}"
EndProject
Project("{FAE04EC0-301F-11D3-BF4B-00C04F79EFBC}") = "Infix86.Tetsts", "InfiX86.Tests\Infix86.Tetsts.csproj", "{1C677AB8-814F-4AE7-8261-75CED9DBDF28}"
EndProject
Global
	GlobalSection(SolutionConfigurationPlatforms) = preSolution
		Debug|Any CPU = Debug|Any CPU
		Release|Any CPU = Release|Any CPU
	EndGlobalSection
	GlobalSection(ProjectConfigurationPlatforms) = postSolution
		{3A8D908C-1E37-494D-AA77-1CA8CE5C4730}.Debug|Any CPU.ActiveCfg = Debug|Any CPU
		{3A8D908C-1E37-494D-AA77-1CA8CE5C4730}.Debug|Any CPU.Build.0 = Debug|Any CPU
		{3A8D908C-1E37-494D-AA77-1CA8CE5C4730}.Release|Any CPU.ActiveCfg = Release|Any CPU
		{3A8D908C-1E37-494D-AA77-1CA8CE5C4730}.Release|Any CPU.Build.0 = Release|Any CPU
		{1C677AB8-814F-4AE7-8261-75CED9DBDF28}.Debug|Any CPU.ActiveCfg = Debug|Any CPU
		{1C677AB8-814F-4AE7-8261-75CED9DBDF28}.Debug|Any CPU.Build.0 = Debug|Any CPU
		{1C677AB8-814F-4AE7-8261-75CED9DBDF28}.Release|Any CPU.ActiveCfg = Release|Any CPU
		{1C677AB8-814F-4AE7-8261-75CED9DBDF28}.Release|Any CPU.Build.0 = Release|Any CPU
	EndGlobalSection
	GlobalSection(SolutionProperties) = preSolution
		HideSolutionNode = FALSE
	EndGlobalSection
	GlobalSection(ExtensibilityGlobals) = postSolution
		SolutionGuid = {835B0DFB-50B4-4940-8F82-B33278D4819A}
	EndGlobalSection
EndGlobal
